// !$*UTF8*$!
{
	archiveVersion = 1;
	classes = {
	};
	objectVersion = 46;
	objects = {

/* Begin PBXBuildFile section */
		70170E751D4778F5002DC016 /* main.m in Sources */ = {isa = PBXBuildFile; fileRef = 70170E741D4778F5002DC016 /* main.m */; };
		70170E781D4778F5002DC016 /* AppDelegate.m in Sources */ = {isa = PBXBuildFile; fileRef = 70170E771D4778F5002DC016 /* AppDelegate.m */; };
		70170E7B1D4778F5002DC016 /* ViewController.m in Sources */ = {isa = PBXBuildFile; fileRef = 70170E7A1D4778F5002DC016 /* ViewController.m */; };
		70170E7E1D4778F5002DC016 /* Main.storyboard in Resources */ = {isa = PBXBuildFile; fileRef = 70170E7C1D4778F5002DC016 /* Main.storyboard */; };
		70170E801D4778F5002DC016 /* Assets.xcassets in Resources */ = {isa = PBXBuildFile; fileRef = 70170E7F1D4778F5002DC016 /* Assets.xcassets */; };
		70170E831D4778F5002DC016 /* LaunchScreen.storyboard in Resources */ = {isa = PBXBuildFile; fileRef = 70170E811D4778F5002DC016 /* LaunchScreen.storyboard */; };
		70170E8C1D477FB2002DC016 /* SignViewController.m in Sources */ = {isa = PBXBuildFile; fileRef = 70170E8B1D477FB2002DC016 /* SignViewController.m */; };
		7036707D1D47855D00B827D6 /* FeedViewController.m in Sources */ = {isa = PBXBuildFile; fileRef = 7036707C1D47855D00B827D6 /* FeedViewController.m */; };
		703670801D4788D800B827D6 /* test.jpg in Resources */ = {isa = PBXBuildFile; fileRef = 7036707F1D4788D800B827D6 /* test.jpg */; };
		706AD2011D5B0A1600A0A665 /* LoginViewController.m in Sources */ = {isa = PBXBuildFile; fileRef = 706AD2001D5B0A1600A0A665 /* LoginViewController.m */; };
		709BB7C71D48784800834D67 /* CardTableViewCell.m in Sources */ = {isa = PBXBuildFile; fileRef = 709BB7C61D48784800834D67 /* CardTableViewCell.m */; };
		70AE9C981D54E220009686C8 /* CameraViewController.m in Sources */ = {isa = PBXBuildFile; fileRef = 70AE9C971D54E220009686C8 /* CameraViewController.m */; };
		70F4C9641D4BA7550057F0D1 /* ImageCache.m in Sources */ = {isa = PBXBuildFile; fileRef = 70F4C9631D4BA7550057F0D1 /* ImageCache.m */; };
		7EFAF6439E9E4CA73F382D45 /* libPods-coords.a in Frameworks */ = {isa = PBXBuildFile; fileRef = B3C9260697C4CDEC11347A6A /* libPods-coords.a */; };
/* End PBXBuildFile section */

/* Begin PBXFileReference section */
		5DD3C455EDEE2560C9C2AD1C /* Pods-coords.debug.xcconfig */ = {isa = PBXFileReference; includeInIndex = 1; lastKnownFileType = text.xcconfig; name = "Pods-coords.debug.xcconfig"; path = "Pods/Target Support Files/Pods-coords/Pods-coords.debug.xcconfig"; sourceTree = "<group>"; };
		70170E701D4778F5002DC016 /* coords.app */ = {isa = PBXFileReference; explicitFileType = wrapper.application; includeInIndex = 0; path = coords.app; sourceTree = BUILT_PRODUCTS_DIR; };
		70170E741D4778F5002DC016 /* main.m */ = {isa = PBXFileReference; lastKnownFileType = sourcecode.c.objc; path = main.m; sourceTree = "<group>"; };
		70170E761D4778F5002DC016 /* AppDelegate.h */ = {isa = PBXFileReference; lastKnownFileType = sourcecode.c.h; path = AppDelegate.h; sourceTree = "<group>"; };
		70170E771D4778F5002DC016 /* AppDelegate.m */ = {isa = PBXFileReference; lastKnownFileType = sourcecode.c.objc; path = AppDelegate.m; sourceTree = "<group>"; };
		70170E791D4778F5002DC016 /* ViewController.h */ = {isa = PBXFileReference; lastKnownFileType = sourcecode.c.h; path = ViewController.h; sourceTree = "<group>"; };
		70170E7A1D4778F5002DC016 /* ViewController.m */ = {isa = PBXFileReference; lastKnownFileType = sourcecode.c.objc; path = ViewController.m; sourceTree = "<group>"; };
		70170E7D1D4778F5002DC016 /* Base */ = {isa = PBXFileReference; lastKnownFileType = file.storyboard; name = Base; path = Base.lproj/Main.storyboard; sourceTree = "<group>"; };
		70170E7F1D4778F5002DC016 /* Assets.xcassets */ = {isa = PBXFileReference; lastKnownFileType = folder.assetcatalog; path = Assets.xcassets; sourceTree = "<group>"; };
		70170E821D4778F5002DC016 /* Base */ = {isa = PBXFileReference; lastKnownFileType = file.storyboard; name = Base; path = Base.lproj/LaunchScreen.storyboard; sourceTree = "<group>"; };
		70170E841D4778F5002DC016 /* Info.plist */ = {isa = PBXFileReference; lastKnownFileType = text.plist.xml; path = Info.plist; sourceTree = "<group>"; };
		70170E8A1D477FB2002DC016 /* SignViewController.h */ = {isa = PBXFileReference; fileEncoding = 4; lastKnownFileType = sourcecode.c.h; path = SignViewController.h; sourceTree = "<group>"; };
		70170E8B1D477FB2002DC016 /* SignViewController.m */ = {isa = PBXFileReference; fileEncoding = 4; lastKnownFileType = sourcecode.c.objc; path = SignViewController.m; sourceTree = "<group>"; };
		7036707B1D47855D00B827D6 /* FeedViewController.h */ = {isa = PBXFileReference; fileEncoding = 4; lastKnownFileType = sourcecode.c.h; path = FeedViewController.h; sourceTree = "<group>"; };
		7036707C1D47855D00B827D6 /* FeedViewController.m */ = {isa = PBXFileReference; fileEncoding = 4; lastKnownFileType = sourcecode.c.objc; path = FeedViewController.m; sourceTree = "<group>"; };
		7036707F1D4788D800B827D6 /* test.jpg */ = {isa = PBXFileReference; lastKnownFileType = image.jpeg; path = test.jpg; sourceTree = "<group>"; };
		706AD1FF1D5B0A1600A0A665 /* LoginViewController.h */ = {isa = PBXFileReference; fileEncoding = 4; lastKnownFileType = sourcecode.c.h; path = LoginViewController.h; sourceTree = "<group>"; };
		706AD2001D5B0A1600A0A665 /* LoginViewController.m */ = {isa = PBXFileReference; fileEncoding = 4; lastKnownFileType = sourcecode.c.objc; path = LoginViewController.m; sourceTree = "<group>"; };
		709BB7C51D48784800834D67 /* CardTableViewCell.h */ = {isa = PBXFileReference; fileEncoding = 4; lastKnownFileType = sourcecode.c.h; path = CardTableViewCell.h; sourceTree = "<group>"; };
		709BB7C61D48784800834D67 /* CardTableViewCell.m */ = {isa = PBXFileReference; fileEncoding = 4; lastKnownFileType = sourcecode.c.objc; path = CardTableViewCell.m; sourceTree = "<group>"; };
		70AE9C961D54E220009686C8 /* CameraViewController.h */ = {isa = PBXFileReference; fileEncoding = 4; lastKnownFileType = sourcecode.c.h; path = CameraViewController.h; sourceTree = "<group>"; };
		70AE9C971D54E220009686C8 /* CameraViewController.m */ = {isa = PBXFileReference; fileEncoding = 4; lastKnownFileType = sourcecode.c.objc; path = CameraViewController.m; sourceTree = "<group>"; };
		70F4C9621D4BA7550057F0D1 /* ImageCache.h */ = {isa = PBXFileReference; fileEncoding = 4; lastKnownFileType = sourcecode.c.h; path = ImageCache.h; sourceTree = "<group>"; };
		70F4C9631D4BA7550057F0D1 /* ImageCache.m */ = {isa = PBXFileReference; fileEncoding = 4; lastKnownFileType = sourcecode.c.objc; path = ImageCache.m; sourceTree = "<group>"; };
		8912BF5BE0A625CB36E818E3 /* Pods-coords.release.xcconfig */ = {isa = PBXFileReference; includeInIndex = 1; lastKnownFileType = text.xcconfig; name = "Pods-coords.release.xcconfig"; path = "Pods/Target Support Files/Pods-coords/Pods-coords.release.xcconfig"; sourceTree = "<group>"; };
		B3C9260697C4CDEC11347A6A /* libPods-coords.a */ = {isa = PBXFileReference; explicitFileType = archive.ar; includeInIndex = 0; path = "libPods-coords.a"; sourceTree = BUILT_PRODUCTS_DIR; };
/* End PBXFileReference section */

/* Begin PBXFrameworksBuildPhase section */
		70170E6D1D4778F5002DC016 /* Frameworks */ = {
			isa = PBXFrameworksBuildPhase;
			buildActionMask = 2147483647;
			files = (
				7EFAF6439E9E4CA73F382D45 /* libPods-coords.a in Frameworks */,
			);
			runOnlyForDeploymentPostprocessing = 0;
		};
/* End PBXFrameworksBuildPhase section */

/* Begin PBXGroup section */
		70170E671D4778F5002DC016 = {
			isa = PBXGroup;
			children = (
				70170E721D4778F5002DC016 /* coords */,
				70170E711D4778F5002DC016 /* Products */,
				9FD779776859D720C9875563 /* Pods */,
				AE2BE79CE7B5A7C3C88D5912 /* Frameworks */,
			);
			sourceTree = "<group>";
		};
		70170E711D4778F5002DC016 /* Products */ = {
			isa = PBXGroup;
			children = (
				70170E701D4778F5002DC016 /* coords.app */,
			);
			name = Products;
			sourceTree = "<group>";
		};
		70170E721D4778F5002DC016 /* coords */ = {
			isa = PBXGroup;
			children = (
				7036707E1D4788CF00B827D6 /* images */,
				709BB7C51D48784800834D67 /* CardTableViewCell.h */,
				709BB7C61D48784800834D67 /* CardTableViewCell.m */,
				70170E761D4778F5002DC016 /* AppDelegate.h */,
				70170E771D4778F5002DC016 /* AppDelegate.m */,
				70170E791D4778F5002DC016 /* ViewController.h */,
				70170E7A1D4778F5002DC016 /* ViewController.m */,
				70170E8A1D477FB2002DC016 /* SignViewController.h */,
				70170E8B1D477FB2002DC016 /* SignViewController.m */,
				70170E7C1D4778F5002DC016 /* Main.storyboard */,
				706AD1FF1D5B0A1600A0A665 /* LoginViewController.h */,
				706AD2001D5B0A1600A0A665 /* LoginViewController.m */,
				70AE9C961D54E220009686C8 /* CameraViewController.h */,
				70AE9C971D54E220009686C8 /* CameraViewController.m */,
				7036707B1D47855D00B827D6 /* FeedViewController.h */,
				7036707C1D47855D00B827D6 /* FeedViewController.m */,
				70F4C9621D4BA7550057F0D1 /* ImageCache.h */,
				70F4C9631D4BA7550057F0D1 /* ImageCache.m */,
				70170E7F1D4778F5002DC016 /* Assets.xcassets */,
				70170E811D4778F5002DC016 /* LaunchScreen.storyboard */,
				70170E841D4778F5002DC016 /* Info.plist */,
				70170E731D4778F5002DC016 /* Supporting Files */,
			);
			path = coords;
			sourceTree = "<group>";
		};
		70170E731D4778F5002DC016 /* Supporting Files */ = {
			isa = PBXGroup;
			children = (
				70170E741D4778F5002DC016 /* main.m */,
			);
			name = "Supporting Files";
			sourceTree = "<group>";
		};
		7036707E1D4788CF00B827D6 /* images */ = {
			isa = PBXGroup;
			children = (
				7036707F1D4788D800B827D6 /* test.jpg */,
			);
			name = images;
			sourceTree = "<group>";
		};
		9FD779776859D720C9875563 /* Pods */ = {
			isa = PBXGroup;
			children = (
				5DD3C455EDEE2560C9C2AD1C /* Pods-coords.debug.xcconfig */,
				8912BF5BE0A625CB36E818E3 /* Pods-coords.release.xcconfig */,
			);
			name = Pods;
			sourceTree = "<group>";
		};
		AE2BE79CE7B5A7C3C88D5912 /* Frameworks */ = {
			isa = PBXGroup;
			children = (
				B3C9260697C4CDEC11347A6A /* libPods-coords.a */,
			);
			name = Frameworks;
			sourceTree = "<group>";
		};
/* End PBXGroup section */

/* Begin PBXNativeTarget section */
		70170E6F1D4778F5002DC016 /* coords */ = {
			isa = PBXNativeTarget;
			buildConfigurationList = 70170E871D4778F5002DC016 /* Build configuration list for PBXNativeTarget "coords" */;
			buildPhases = (
				84E1E6BE47F27F8C9BAA70EE /* [CP] Check Pods Manifest.lock */,
				70170E6C1D4778F5002DC016 /* Sources */,
				70170E6D1D4778F5002DC016 /* Frameworks */,
				70170E6E1D4778F5002DC016 /* Resources */,
				975150DFBD00C23C93554D8F /* [CP] Embed Pods Frameworks */,
				BA108731BB59189208DAED32 /* [CP] Copy Pods Resources */,
			);
			buildRules = (
			);
			dependencies = (
			);
			name = coords;
			productName = coords;
			productReference = 70170E701D4778F5002DC016 /* coords.app */;
			productType = "com.apple.product-type.application";
		};
/* End PBXNativeTarget section */

/* Begin PBXProject section */
		70170E681D4778F5002DC016 /* Project object */ = {
			isa = PBXProject;
			attributes = {
				LastUpgradeCheck = 0730;
				ORGANIZATIONNAME = yoonwonsang;
				TargetAttributes = {
					70170E6F1D4778F5002DC016 = {
						CreatedOnToolsVersion = 7.3.1;
						DevelopmentTeam = SZB864YF79;
					};
				};
			};
			buildConfigurationList = 70170E6B1D4778F5002DC016 /* Build configuration list for PBXProject "coords" */;
			compatibilityVersion = "Xcode 3.2";
			developmentRegion = English;
			hasScannedForEncodings = 0;
			knownRegions = (
				en,
				Base,
			);
			mainGroup = 70170E671D4778F5002DC016;
			productRefGroup = 70170E711D4778F5002DC016 /* Products */;
			projectDirPath = "";
			projectRoot = "";
			targets = (
				70170E6F1D4778F5002DC016 /* coords */,
			);
		};
/* End PBXProject section */

/* Begin PBXResourcesBuildPhase section */
		70170E6E1D4778F5002DC016 /* Resources */ = {
			isa = PBXResourcesBuildPhase;
			buildActionMask = 2147483647;
			files = (
				70170E831D4778F5002DC016 /* LaunchScreen.storyboard in Resources */,
				70170E801D4778F5002DC016 /* Assets.xcassets in Resources */,
				70170E7E1D4778F5002DC016 /* Main.storyboard in Resources */,
				703670801D4788D800B827D6 /* test.jpg in Resources */,
			);
			runOnlyForDeploymentPostprocessing = 0;
		};
/* End PBXResourcesBuildPhase section */

/* Begin PBXShellScriptBuildPhase section */
		84E1E6BE47F27F8C9BAA70EE /* [CP] Check Pods Manifest.lock */ = {
			isa = PBXShellScriptBuildPhase;
			buildActionMask = 2147483647;
			files = (
			);
			inputPaths = (
			);
			name = "[CP] Check Pods Manifest.lock";
			outputPaths = (
			);
			runOnlyForDeploymentPostprocessing = 0;
			shellPath = /bin/sh;
			shellScript = "diff \"${PODS_ROOT}/../Podfile.lock\" \"${PODS_ROOT}/Manifest.lock\" > /dev/null\nif [[ $? != 0 ]] ; then\n    cat << EOM\nerror: The sandbox is not in sync with the Podfile.lock. Run 'pod install' or update your CocoaPods installation.\nEOM\n    exit 1\nfi\n";
			showEnvVarsInLog = 0;
		};
		975150DFBD00C23C93554D8F /* [CP] Embed Pods Frameworks */ = {
			isa = PBXShellScriptBuildPhase;
			buildActionMask = 2147483647;
			files = (
			);
			inputPaths = (
			);
			name = "[CP] Embed Pods Frameworks";
			outputPaths = (
			);
			runOnlyForDeploymentPostprocessing = 0;
			shellPath = /bin/sh;
			shellScript = "\"${SRCROOT}/Pods/Target Support Files/Pods-coords/Pods-coords-frameworks.sh\"\n";
			showEnvVarsInLog = 0;
		};
		BA108731BB59189208DAED32 /* [CP] Copy Pods Resources */ = {
			isa = PBXShellScriptBuildPhase;
			buildActionMask = 2147483647;
			files = (
			);
			inputPaths = (
			);
			name = "[CP] Copy Pods Resources";
			outputPaths = (
			);
			runOnlyForDeploymentPostprocessing = 0;
			shellPath = /bin/sh;
			shellScript = "\"${SRCROOT}/Pods/Target Support Files/Pods-coords/Pods-coords-resources.sh\"\n";
			showEnvVarsInLog = 0;
		};
/* End PBXShellScriptBuildPhase section */

/* Begin PBXSourcesBuildPhase section */
		70170E6C1D4778F5002DC016 /* Sources */ = {
			isa = PBXSourcesBuildPhase;
			buildActionMask = 2147483647;
			files = (
				70170E7B1D4778F5002DC016 /* ViewController.m in Sources */,
				70AE9C981D54E220009686C8 /* CameraViewController.m in Sources */,
				709BB7C71D48784800834D67 /* CardTableViewCell.m in Sources */,
				70170E781D4778F5002DC016 /* AppDelegate.m in Sources */,
				70170E751D4778F5002DC016 /* main.m in Sources */,
				706AD2011D5B0A1600A0A665 /* LoginViewController.m in Sources */,
				7036707D1D47855D00B827D6 /* FeedViewController.m in Sources */,
				70170E8C1D477FB2002DC016 /* SignViewController.m in Sources */,
				70F4C9641D4BA7550057F0D1 /* ImageCache.m in Sources */,
			);
			runOnlyForDeploymentPostprocessing = 0;
		};
/* End PBXSourcesBuildPhase section */

/* Begin PBXVariantGroup section */
		70170E7C1D4778F5002DC016 /* Main.storyboard */ = {
			isa = PBXVariantGroup;
			children = (
				70170E7D1D4778F5002DC016 /* Base */,
			);
			name = Main.storyboard;
			sourceTree = "<group>";
		};
		70170E811D4778F5002DC016 /* LaunchScreen.storyboard */ = {
			isa = PBXVariantGroup;
			children = (
				70170E821D4778F5002DC016 /* Base */,
			);
			name = LaunchScreen.storyboard;
			sourceTree = "<group>";
		};
/* End PBXVariantGroup section */

/* Begin XCBuildConfiguration section */
		70170E851D4778F5002DC016 /* Debug */ = {
			isa = XCBuildConfiguration;
			buildSettings = {
				ALWAYS_SEARCH_USER_PATHS = NO;
				CLANG_ANALYZER_NONNULL = YES;
				CLANG_CXX_LANGUAGE_STANDARD = "gnu++0x";
				CLANG_CXX_LIBRARY = "libc++";
				CLANG_ENABLE_MODULES = YES;
				CLANG_ENABLE_OBJC_ARC = YES;
				CLANG_WARN_BOOL_CONVERSION = YES;
				CLANG_WARN_CONSTANT_CONVERSION = YES;
				CLANG_WARN_DIRECT_OBJC_ISA_USAGE = YES_ERROR;
				CLANG_WARN_EMPTY_BODY = YES;
				CLANG_WARN_ENUM_CONVERSION = YES;
				CLANG_WARN_INT_CONVERSION = YES;
				CLANG_WARN_OBJC_ROOT_CLASS = YES_ERROR;
				CLANG_WARN_UNREACHABLE_CODE = YES;
				CLANG_WARN__DUPLICATE_METHOD_MATCH = YES;
				"CODE_SIGN_IDENTITY[sdk=iphoneos*]" = "iPhone Developer";
				COPY_PHASE_STRIP = NO;
				DEBUG_INFORMATION_FORMAT = dwarf;
				ENABLE_STRICT_OBJC_MSGSEND = YES;
				ENABLE_TESTABILITY = YES;
				GCC_C_LANGUAGE_STANDARD = gnu99;
				GCC_DYNAMIC_NO_PIC = NO;
				GCC_NO_COMMON_BLOCKS = YES;
				GCC_OPTIMIZATION_LEVEL = 0;
				GCC_PREPROCESSOR_DEFINITIONS = (
					"DEBUG=1",
					"$(inherited)",
				);
				GCC_WARN_64_TO_32_BIT_CONVERSION = YES;
				GCC_WARN_ABOUT_RETURN_TYPE = YES_ERROR;
				GCC_WARN_UNDECLARED_SELECTOR = YES;
				GCC_WARN_UNINITIALIZED_AUTOS = YES_AGGRESSIVE;
				GCC_WARN_UNUSED_FUNCTION = YES;
				GCC_WARN_UNUSED_VARIABLE = YES;
				IPHONEOS_DEPLOYMENT_TARGET = 9.3;
				MTL_ENABLE_DEBUG_INFO = YES;
				ONLY_ACTIVE_ARCH = YES;
				SDKROOT = iphoneos;
				TARGETED_DEVICE_FAMILY = "1,2";
			};
			name = Debug;
		};
		70170E861D4778F5002DC016 /* Release */ = {
			isa = XCBuildConfiguration;
			buildSettings = {
				ALWAYS_SEARCH_USER_PATHS = NO;
				CLANG_ANALYZER_NONNULL = YES;
				CLANG_CXX_LANGUAGE_STANDARD = "gnu++0x";
				CLANG_CXX_LIBRARY = "libc++";
				CLANG_ENABLE_MODULES = YES;
				CLANG_ENABLE_OBJC_ARC = YES;
				CLANG_WARN_BOOL_CONVERSION = YES;
				CLANG_WARN_CONSTANT_CONVERSION = YES;
				CLANG_WARN_DIRECT_OBJC_ISA_USAGE = YES_ERROR;
				CLANG_WARN_EMPTY_BODY = YES;
				CLANG_WARN_ENUM_CONVERSION = YES;
				CLANG_WARN_INT_CONVERSION = YES;
				CLANG_WARN_OBJC_ROOT_CLASS = YES_ERROR;
				CLANG_WARN_UNREACHABLE_CODE = YES;
				CLANG_WARN__DUPLICATE_METHOD_MATCH = YES;
				"CODE_SIGN_IDENTITY[sdk=iphoneos*]" = "iPhone Developer";
				COPY_PHASE_STRIP = NO;
				DEBUG_INFORMATION_FORMAT = "dwarf-with-dsym";
				ENABLE_NS_ASSERTIONS = NO;
				ENABLE_STRICT_OBJC_MSGSEND = YES;
				GCC_C_LANGUAGE_STANDARD = gnu99;
				GCC_NO_COMMON_BLOCKS = YES;
				GCC_WARN_64_TO_32_BIT_CONVERSION = YES;
				GCC_WARN_ABOUT_RETURN_TYPE = YES_ERROR;
				GCC_WARN_UNDECLARED_SELECTOR = YES;
				GCC_WARN_UNINITIALIZED_AUTOS = YES_AGGRESSIVE;
				GCC_WARN_UNUSED_FUNCTION = YES;
				GCC_WARN_UNUSED_VARIABLE = YES;
				IPHONEOS_DEPLOYMENT_TARGET = 9.3;
				MTL_ENABLE_DEBUG_INFO = NO;
				SDKROOT = iphoneos;
				TARGETED_DEVICE_FAMILY = "1,2";
				VALIDATE_PRODUCT = YES;
			};
			name = Release;
		};
		70170E881D4778F5002DC016 /* Debug */ = {
			isa = XCBuildConfiguration;
			baseConfigurationReference = 5DD3C455EDEE2560C9C2AD1C /* Pods-coords.debug.xcconfig */;
			buildSettings = {
				ASSETCATALOG_COMPILER_APPICON_NAME = AppIcon;
				CODE_SIGN_IDENTITY = "iPhone Developer";
				"CODE_SIGN_IDENTITY[sdk=iphoneos*]" = "iPhone Developer";
				INFOPLIST_FILE = coords/Info.plist;
				LD_RUNPATH_SEARCH_PATHS = "$(inherited) @executable_path/Frameworks";
				PRODUCT_BUNDLE_IDENTIFIER = wonsang.coords;
				PRODUCT_NAME = "$(TARGET_NAME)";
				PROVISIONING_PROFILE = "";
			};
			name = Debug;
		};
		70170E891D4778F5002DC016 /* Release */ = {
			isa = XCBuildConfiguration;
			baseConfigurationReference = 8912BF5BE0A625CB36E818E3 /* Pods-coords.release.xcconfig */;
			buildSettings = {
				ASSETCATALOG_COMPILER_APPICON_NAME = AppIcon;
				CODE_SIGN_IDENTITY = "iPhone Developer";
				"CODE_SIGN_IDENTITY[sdk=iphoneos*]" = "iPhone Developer";
				INFOPLIST_FILE = coords/Info.plist;
				LD_RUNPATH_SEARCH_PATHS = "$(inherited) @executable_path/Frameworks";
				PRODUCT_BUNDLE_IDENTIFIER = wonsang.coords;
				PRODUCT_NAME = "$(TARGET_NAME)";
				PROVISIONING_PROFILE = "";
			};
			name = Release;
		};
/* End XCBuildConfiguration section */

/* Begin XCConfigurationList section */
		70170E6B1D4778F5002DC016 /* Build configuration list for PBXProject "coords" */ = {
			isa = XCConfigurationList;
			buildConfigurations = (
				70170E851D4778F5002DC016 /* Debug */,
				70170E861D4778F5002DC016 /* Release */,
			);
			defaultConfigurationIsVisible = 0;
			defaultConfigurationName = Release;
		};
		70170E871D4778F5002DC016 /* Build configuration list for PBXNativeTarget "coords" */ = {
			isa = XCConfigurationList;
			buildConfigurations = (
				70170E881D4778F5002DC016 /* Debug */,
				70170E891D4778F5002DC016 /* Release */,
			);
			defaultConfigurationIsVisible = 0;
			defaultConfigurationName = Release;
		};
/* End XCConfigurationList section */
	};
	rootObject = 70170E681D4778F5002DC016 /* Project object */;
}
